
Microsoft Visual Studio Solution File, Format Version 12.00
# Visual Studio Version 17
VisualStudioVersion = 17.2.32526.322
MinimumVisualStudioVersion = 10.0.40219.1
Project("{FAE04EC0-301F-11D3-BF4B-00C04F79EFBC}") = "Queens Attack II", "Queens Attack II\Queens Attack II.csproj", "{C3D9D44F-2C73-45BB-B01D-0D42F8C28AD4}"
EndProject
Global
	GlobalSection(SolutionConfigurationPlatforms) = preSolution
		Debug|Any CPU = Debug|Any CPU
		Release|Any CPU = Release|Any CPU
	EndGlobalSection
	GlobalSection(ProjectConfigurationPlatforms) = postSolution
		{C3D9D44F-2C73-45BB-B01D-0D42F8C28AD4}.Debug|Any CPU.ActiveCfg = Debug|Any CPU
		{C3D9D44F-2C73-45BB-B01D-0D42F8C28AD4}.Debug|Any CPU.Build.0 = Debug|Any CPU
		{C3D9D44F-2C73-45BB-B01D-0D42F8C28AD4}.Release|Any CPU.ActiveCfg = Release|Any CPU
		{C3D9D44F-2C73-45BB-B01D-0D42F8C28AD4}.Release|Any CPU.Build.0 = Release|Any CPU
	EndGlobalSection
	GlobalSection(SolutionProperties) = preSolution
		HideSolutionNode = FALSE
	EndGlobalSection
	GlobalSection(ExtensibilityGlobals) = postSolution
		SolutionGuid = {D4BA2632-4FF0-487C-B5F6-007E0DB568E6}
	EndGlobalSection
EndGlobal
